
Microsoft Visual Studio Solution File, Format Version 12.00
# Visual Studio Version 16
VisualStudioVersion = 16.0.30907.101
MinimumVisualStudioVersion = 10.0.40219.1
Project("{FAE04EC0-301F-11D3-BF4B-00C04F79EFBC}") = "VoyagerLab1Net", "VoyagerLab1Net.csproj", "{9670B0C0-82E5-4E56-9B42-5DAC3771FA76}"
EndProject
Global
	GlobalSection(SolutionConfigurationPlatforms) = preSolution
		Debug|Any CPU = Debug|Any CPU
		Release|Any CPU = Release|Any CPU
	EndGlobalSection
	GlobalSection(ProjectConfigurationPlatforms) = postSolution
		{9670B0C0-82E5-4E56-9B42-5DAC3771FA76}.Debug|Any CPU.ActiveCfg = Debug|Any CPU
		{9670B0C0-82E5-4E56-9B42-5DAC3771FA76}.Debug|Any CPU.Build.0 = Debug|Any CPU
		{9670B0C0-82E5-4E56-9B42-5DAC3771FA76}.Release|Any CPU.ActiveCfg = Release|Any CPU
		{9670B0C0-82E5-4E56-9B42-5DAC3771FA76}.Release|Any CPU.Build.0 = Release|Any CPU
	EndGlobalSection
	GlobalSection(SolutionProperties) = preSolution
		HideSolutionNode = FALSE
	EndGlobalSection
	GlobalSection(ExtensibilityGlobals) = postSolution
		SolutionGuid = {B090BF13-F28F-44B8-B79A-E0A4A4B2E5E0}
	EndGlobalSection
EndGlobal
